
Microsoft Visual Studio Solution File, Format Version 12.00
Project("{FAE04EC0-301F-11D3-BF4B-00C04F79EFBC}") = "TodoTutorial", "TodoTutorial\TodoTutorial.csproj", "{E817E2C5-CC7B-4942-9054-F87104BFDA4E}"
EndProject
Project("{FAE04EC0-301F-11D3-BF4B-00C04F79EFBC}") = "TicTocGame", "TicTocGame\TicTocGame.csproj", "{82DF4A43-4174-4688-B346-300097CB92E4}"
EndProject
Global
	GlobalSection(SolutionConfigurationPlatforms) = preSolution
		Debug|Any CPU = Debug|Any CPU
		Release|Any CPU = Release|Any CPU
	EndGlobalSection
	GlobalSection(ProjectConfigurationPlatforms) = postSolution
		{E817E2C5-CC7B-4942-9054-F87104BFDA4E}.Debug|Any CPU.ActiveCfg = Debug|Any CPU
		{E817E2C5-CC7B-4942-9054-F87104BFDA4E}.Debug|Any CPU.Build.0 = Debug|Any CPU
		{E817E2C5-CC7B-4942-9054-F87104BFDA4E}.Release|Any CPU.ActiveCfg = Release|Any CPU
		{E817E2C5-CC7B-4942-9054-F87104BFDA4E}.Release|Any CPU.Build.0 = Release|Any CPU
		{82DF4A43-4174-4688-B346-300097CB92E4}.Debug|Any CPU.ActiveCfg = Debug|Any CPU
		{82DF4A43-4174-4688-B346-300097CB92E4}.Debug|Any CPU.Build.0 = Debug|Any CPU
		{82DF4A43-4174-4688-B346-300097CB92E4}.Release|Any CPU.ActiveCfg = Release|Any CPU
		{82DF4A43-4174-4688-B346-300097CB92E4}.Release|Any CPU.Build.0 = Release|Any CPU
	EndGlobalSection
	GlobalSection(NestedProjects) = preSolution
	EndGlobalSection
EndGlobal
